
Microsoft Visual Studio Solution File, Format Version 12.00
# Visual Studio Version 16
VisualStudioVersion = 16.0.30907.101
MinimumVisualStudioVersion = 10.0.40219.1
Project("{FAE04EC0-301F-11D3-BF4B-00C04F79EFBC}") = "2.TheBattleofTheFiveArmies", "2.TheBattleofTheFiveArmies\2.TheBattleofTheFiveArmies.csproj", "{76463A8E-F15E-4477-ABC2-AF33D32E045B}"
EndProject
Global
	GlobalSection(SolutionConfigurationPlatforms) = preSolution
		Debug|Any CPU = Debug|Any CPU
		Release|Any CPU = Release|Any CPU
	EndGlobalSection
	GlobalSection(ProjectConfigurationPlatforms) = postSolution
		{76463A8E-F15E-4477-ABC2-AF33D32E045B}.Debug|Any CPU.ActiveCfg = Debug|Any CPU
		{76463A8E-F15E-4477-ABC2-AF33D32E045B}.Debug|Any CPU.Build.0 = Debug|Any CPU
		{76463A8E-F15E-4477-ABC2-AF33D32E045B}.Release|Any CPU.ActiveCfg = Release|Any CPU
		{76463A8E-F15E-4477-ABC2-AF33D32E045B}.Release|Any CPU.Build.0 = Release|Any CPU
	EndGlobalSection
	GlobalSection(SolutionProperties) = preSolution
		HideSolutionNode = FALSE
	EndGlobalSection
	GlobalSection(ExtensibilityGlobals) = postSolution
		SolutionGuid = {0D245914-245F-4E52-B44D-7DA6A63C4DDA}
	EndGlobalSection
EndGlobal
