
Microsoft Visual Studio Solution File, Format Version 12.00
# Visual Studio Version 16
VisualStudioVersion = 16.0.30907.101
MinimumVisualStudioVersion = 10.0.40219.1
Project("{FAE04EC0-301F-11D3-BF4B-00C04F79EFBC}") = "01.Recursion", "01.Recursion\01.Recursion.csproj", "{E23AE736-AA32-437F-8313-409D8AA87EBC}"
EndProject
Global
	GlobalSection(SolutionConfigurationPlatforms) = preSolution
		Debug|Any CPU = Debug|Any CPU
		Release|Any CPU = Release|Any CPU
	EndGlobalSection
	GlobalSection(ProjectConfigurationPlatforms) = postSolution
		{E23AE736-AA32-437F-8313-409D8AA87EBC}.Debug|Any CPU.ActiveCfg = Debug|Any CPU
		{E23AE736-AA32-437F-8313-409D8AA87EBC}.Debug|Any CPU.Build.0 = Debug|Any CPU
		{E23AE736-AA32-437F-8313-409D8AA87EBC}.Release|Any CPU.ActiveCfg = Release|Any CPU
		{E23AE736-AA32-437F-8313-409D8AA87EBC}.Release|Any CPU.Build.0 = Release|Any CPU
	EndGlobalSection
	GlobalSection(SolutionProperties) = preSolution
		HideSolutionNode = FALSE
	EndGlobalSection
	GlobalSection(ExtensibilityGlobals) = postSolution
		SolutionGuid = {4BEBCBEC-89C9-46AE-8C02-6CA50F9DA0C2}
	EndGlobalSection
EndGlobal
