
Microsoft Visual Studio Solution File, Format Version 12.00
# Visual Studio Version 16
VisualStudioVersion = 16.0.30907.101
MinimumVisualStudioVersion = 10.0.40219.1
Project("{FAE04EC0-301F-11D3-BF4B-00C04F79EFBC}") = "1.Birthday_Celebration", "1.Birthday_Celebration\1.Birthday_Celebration.csproj", "{CA802150-649F-4DD9-BEC6-75A353816C1A}"
EndProject
Global
	GlobalSection(SolutionConfigurationPlatforms) = preSolution
		Debug|Any CPU = Debug|Any CPU
		Release|Any CPU = Release|Any CPU
	EndGlobalSection
	GlobalSection(ProjectConfigurationPlatforms) = postSolution
		{CA802150-649F-4DD9-BEC6-75A353816C1A}.Debug|Any CPU.ActiveCfg = Debug|Any CPU
		{CA802150-649F-4DD9-BEC6-75A353816C1A}.Debug|Any CPU.Build.0 = Debug|Any CPU
		{CA802150-649F-4DD9-BEC6-75A353816C1A}.Release|Any CPU.ActiveCfg = Release|Any CPU
		{CA802150-649F-4DD9-BEC6-75A353816C1A}.Release|Any CPU.Build.0 = Release|Any CPU
	EndGlobalSection
	GlobalSection(SolutionProperties) = preSolution
		HideSolutionNode = FALSE
	EndGlobalSection
	GlobalSection(ExtensibilityGlobals) = postSolution
		SolutionGuid = {0EB679D7-910C-4821-BFF3-721C3D72E9FB}
	EndGlobalSection
EndGlobal
