
Microsoft Visual Studio Solution File, Format Version 12.00
# Visual Studio Version 16
VisualStudioVersion = 16.0.31729.503
MinimumVisualStudioVersion = 10.0.40219.1
Project("{FAE04EC0-301F-11D3-BF4B-00C04F79EFBC}") = "Food_Shortage", "Food_Shortage\Food_Shortage.csproj", "{81470F39-2859-4A82-B94A-11975B35DA0E}"
EndProject
Global
	GlobalSection(SolutionConfigurationPlatforms) = preSolution
		Debug|Any CPU = Debug|Any CPU
		Release|Any CPU = Release|Any CPU
	EndGlobalSection
	GlobalSection(ProjectConfigurationPlatforms) = postSolution
		{81470F39-2859-4A82-B94A-11975B35DA0E}.Debug|Any CPU.ActiveCfg = Debug|Any CPU
		{81470F39-2859-4A82-B94A-11975B35DA0E}.Debug|Any CPU.Build.0 = Debug|Any CPU
		{81470F39-2859-4A82-B94A-11975B35DA0E}.Release|Any CPU.ActiveCfg = Release|Any CPU
		{81470F39-2859-4A82-B94A-11975B35DA0E}.Release|Any CPU.Build.0 = Release|Any CPU
	EndGlobalSection
	GlobalSection(SolutionProperties) = preSolution
		HideSolutionNode = FALSE
	EndGlobalSection
	GlobalSection(ExtensibilityGlobals) = postSolution
		SolutionGuid = {61D52420-7107-44B7-970C-4CC509B9A08A}
	EndGlobalSection
EndGlobal
