
Microsoft Visual Studio Solution File, Format Version 12.00
# Visual Studio Version 16
VisualStudioVersion = 16.0.30907.101
MinimumVisualStudioVersion = 10.0.40219.1
Project("{FAE04EC0-301F-11D3-BF4B-00C04F79EFBC}") = "IteratorsAndComparators", "IteratorsAndComparators\IteratorsAndComparators.csproj", "{758EFA64-B6F2-421F-8795-3DC1814920DF}"
EndProject
Global
	GlobalSection(SolutionConfigurationPlatforms) = preSolution
		Debug|Any CPU = Debug|Any CPU
		Release|Any CPU = Release|Any CPU
	EndGlobalSection
	GlobalSection(ProjectConfigurationPlatforms) = postSolution
		{758EFA64-B6F2-421F-8795-3DC1814920DF}.Debug|Any CPU.ActiveCfg = Debug|Any CPU
		{758EFA64-B6F2-421F-8795-3DC1814920DF}.Debug|Any CPU.Build.0 = Debug|Any CPU
		{758EFA64-B6F2-421F-8795-3DC1814920DF}.Release|Any CPU.ActiveCfg = Release|Any CPU
		{758EFA64-B6F2-421F-8795-3DC1814920DF}.Release|Any CPU.Build.0 = Release|Any CPU
	EndGlobalSection
	GlobalSection(SolutionProperties) = preSolution
		HideSolutionNode = FALSE
	EndGlobalSection
	GlobalSection(ExtensibilityGlobals) = postSolution
		SolutionGuid = {4226B309-DFD6-4FD6-AA0E-A8E4774F94E0}
	EndGlobalSection
EndGlobal
