
Microsoft Visual Studio Solution File, Format Version 12.00
# Visual Studio Version 16
VisualStudioVersion = 16.0.30907.101
MinimumVisualStudioVersion = 10.0.40219.1
Project("{FAE04EC0-301F-11D3-BF4B-00C04F79EFBC}") = "1.ListyIterator", "1.ListyIterator\1.ListyIterator.csproj", "{9F367963-00C0-4DD6-A6C6-BFEAAFFD35FF}"
EndProject
Global
	GlobalSection(SolutionConfigurationPlatforms) = preSolution
		Debug|Any CPU = Debug|Any CPU
		Release|Any CPU = Release|Any CPU
	EndGlobalSection
	GlobalSection(ProjectConfigurationPlatforms) = postSolution
		{9F367963-00C0-4DD6-A6C6-BFEAAFFD35FF}.Debug|Any CPU.ActiveCfg = Debug|Any CPU
		{9F367963-00C0-4DD6-A6C6-BFEAAFFD35FF}.Debug|Any CPU.Build.0 = Debug|Any CPU
		{9F367963-00C0-4DD6-A6C6-BFEAAFFD35FF}.Release|Any CPU.ActiveCfg = Release|Any CPU
		{9F367963-00C0-4DD6-A6C6-BFEAAFFD35FF}.Release|Any CPU.Build.0 = Release|Any CPU
	EndGlobalSection
	GlobalSection(SolutionProperties) = preSolution
		HideSolutionNode = FALSE
	EndGlobalSection
	GlobalSection(ExtensibilityGlobals) = postSolution
		SolutionGuid = {693858AC-79BA-4494-A9DA-38AB46FE916B}
	EndGlobalSection
EndGlobal
