
Microsoft Visual Studio Solution File, Format Version 12.00
# Visual Studio Version 16
VisualStudioVersion = 16.0.30907.101
MinimumVisualStudioVersion = 10.0.40219.1
Project("{FAE04EC0-301F-11D3-BF4B-00C04F79EFBC}") = "1.LootBox", "1.LootBox\1.LootBox.csproj", "{4D96DE53-870F-4053-BB8F-93DDD5D384D1}"
EndProject
Global
	GlobalSection(SolutionConfigurationPlatforms) = preSolution
		Debug|Any CPU = Debug|Any CPU
		Release|Any CPU = Release|Any CPU
	EndGlobalSection
	GlobalSection(ProjectConfigurationPlatforms) = postSolution
		{4D96DE53-870F-4053-BB8F-93DDD5D384D1}.Debug|Any CPU.ActiveCfg = Debug|Any CPU
		{4D96DE53-870F-4053-BB8F-93DDD5D384D1}.Debug|Any CPU.Build.0 = Debug|Any CPU
		{4D96DE53-870F-4053-BB8F-93DDD5D384D1}.Release|Any CPU.ActiveCfg = Release|Any CPU
		{4D96DE53-870F-4053-BB8F-93DDD5D384D1}.Release|Any CPU.Build.0 = Release|Any CPU
	EndGlobalSection
	GlobalSection(SolutionProperties) = preSolution
		HideSolutionNode = FALSE
	EndGlobalSection
	GlobalSection(ExtensibilityGlobals) = postSolution
		SolutionGuid = {E6259998-03E9-4D9A-BA38-48CAD7B6F82B}
	EndGlobalSection
EndGlobal
