
Microsoft Visual Studio Solution File, Format Version 12.00
# Visual Studio Version 16
VisualStudioVersion = 16.0.31729.503
MinimumVisualStudioVersion = 10.0.40219.1
Project("{9A19103F-16F7-4668-BE54-9A1E7A4F7556}") = "PersonsInfo", "2.SortPersonsByNameAndAge\PersonsInfo.csproj", "{042AE0CD-F948-4C0D-AB58-21D341FEA324}"
EndProject
Global
	GlobalSection(SolutionConfigurationPlatforms) = preSolution
		Debug|Any CPU = Debug|Any CPU
		Release|Any CPU = Release|Any CPU
	EndGlobalSection
	GlobalSection(ProjectConfigurationPlatforms) = postSolution
		{042AE0CD-F948-4C0D-AB58-21D341FEA324}.Debug|Any CPU.ActiveCfg = Debug|Any CPU
		{042AE0CD-F948-4C0D-AB58-21D341FEA324}.Debug|Any CPU.Build.0 = Debug|Any CPU
		{042AE0CD-F948-4C0D-AB58-21D341FEA324}.Release|Any CPU.ActiveCfg = Release|Any CPU
		{042AE0CD-F948-4C0D-AB58-21D341FEA324}.Release|Any CPU.Build.0 = Release|Any CPU
	EndGlobalSection
	GlobalSection(SolutionProperties) = preSolution
		HideSolutionNode = FALSE
	EndGlobalSection
	GlobalSection(ExtensibilityGlobals) = postSolution
		SolutionGuid = {C65B1DFE-92A0-45A6-AA74-208832C0D397}
	EndGlobalSection
EndGlobal
