
Microsoft Visual Studio Solution File, Format Version 12.00
# Visual Studio Version 16
VisualStudioVersion = 16.0.30907.101
MinimumVisualStudioVersion = 10.0.40219.1
Project("{FAE04EC0-301F-11D3-BF4B-00C04F79EFBC}") = "8.StackofStrings", "8.StackofStrings\8.StackofStrings.csproj", "{E7D25E0A-0371-4101-9F8F-33039535479B}"
EndProject
Global
	GlobalSection(SolutionConfigurationPlatforms) = preSolution
		Debug|Any CPU = Debug|Any CPU
		Release|Any CPU = Release|Any CPU
	EndGlobalSection
	GlobalSection(ProjectConfigurationPlatforms) = postSolution
		{E7D25E0A-0371-4101-9F8F-33039535479B}.Debug|Any CPU.ActiveCfg = Debug|Any CPU
		{E7D25E0A-0371-4101-9F8F-33039535479B}.Debug|Any CPU.Build.0 = Debug|Any CPU
		{E7D25E0A-0371-4101-9F8F-33039535479B}.Release|Any CPU.ActiveCfg = Release|Any CPU
		{E7D25E0A-0371-4101-9F8F-33039535479B}.Release|Any CPU.Build.0 = Release|Any CPU
	EndGlobalSection
	GlobalSection(SolutionProperties) = preSolution
		HideSolutionNode = FALSE
	EndGlobalSection
	GlobalSection(ExtensibilityGlobals) = postSolution
		SolutionGuid = {0DCF008A-056A-4340-B888-8565CA688910}
	EndGlobalSection
EndGlobal
