
Microsoft Visual Studio Solution File, Format Version 12.00
# Visual Studio Version 16
VisualStudioVersion = 16.0.30907.101
MinimumVisualStudioVersion = 10.0.40219.1
Project("{FAE04EC0-301F-11D3-BF4B-00C04F79EFBC}") = "1.Warm Winter", "1.Warm Winter\1.Warm Winter.csproj", "{6735C317-48CA-46C8-87AA-28A7FE1081CD}"
EndProject
Global
	GlobalSection(SolutionConfigurationPlatforms) = preSolution
		Debug|Any CPU = Debug|Any CPU
		Release|Any CPU = Release|Any CPU
	EndGlobalSection
	GlobalSection(ProjectConfigurationPlatforms) = postSolution
		{6735C317-48CA-46C8-87AA-28A7FE1081CD}.Debug|Any CPU.ActiveCfg = Debug|Any CPU
		{6735C317-48CA-46C8-87AA-28A7FE1081CD}.Debug|Any CPU.Build.0 = Debug|Any CPU
		{6735C317-48CA-46C8-87AA-28A7FE1081CD}.Release|Any CPU.ActiveCfg = Release|Any CPU
		{6735C317-48CA-46C8-87AA-28A7FE1081CD}.Release|Any CPU.Build.0 = Release|Any CPU
	EndGlobalSection
	GlobalSection(SolutionProperties) = preSolution
		HideSolutionNode = FALSE
	EndGlobalSection
	GlobalSection(ExtensibilityGlobals) = postSolution
		SolutionGuid = {C88E2DE8-C2B9-4588-BEDE-EDD3C599F1C8}
	EndGlobalSection
EndGlobal
