
Microsoft Visual Studio Solution File, Format Version 12.00
# Visual Studio Version 16
VisualStudioVersion = 16.0.30907.101
MinimumVisualStudioVersion = 10.0.40219.1
Project("{FAE04EC0-301F-11D3-BF4B-00C04F79EFBC}") = "02.Pawn_Wars", "02.Pawn_Wars\02.Pawn_Wars.csproj", "{652B6337-3F16-41BF-8C35-25E8980C880C}"
EndProject
Global
	GlobalSection(SolutionConfigurationPlatforms) = preSolution
		Debug|Any CPU = Debug|Any CPU
		Release|Any CPU = Release|Any CPU
	EndGlobalSection
	GlobalSection(ProjectConfigurationPlatforms) = postSolution
		{652B6337-3F16-41BF-8C35-25E8980C880C}.Debug|Any CPU.ActiveCfg = Debug|Any CPU
		{652B6337-3F16-41BF-8C35-25E8980C880C}.Debug|Any CPU.Build.0 = Debug|Any CPU
		{652B6337-3F16-41BF-8C35-25E8980C880C}.Release|Any CPU.ActiveCfg = Release|Any CPU
		{652B6337-3F16-41BF-8C35-25E8980C880C}.Release|Any CPU.Build.0 = Release|Any CPU
	EndGlobalSection
	GlobalSection(SolutionProperties) = preSolution
		HideSolutionNode = FALSE
	EndGlobalSection
	GlobalSection(ExtensibilityGlobals) = postSolution
		SolutionGuid = {ABDEA3B2-B8A9-4AC3-98BD-5447A271D797}
	EndGlobalSection
EndGlobal
