
Microsoft Visual Studio Solution File, Format Version 12.00
# Visual Studio Version 16
VisualStudioVersion = 16.0.30907.101
MinimumVisualStudioVersion = 10.0.40219.1
Project("{9A19103F-16F7-4668-BE54-9A1E7A4F7556}") = "NeedForSpeed", "NeedForSpeed.csproj", "{0673762E-CB1B-4984-9E90-529EDCDF8BC0}"
EndProject
Global
	GlobalSection(SolutionConfigurationPlatforms) = preSolution
		Debug|Any CPU = Debug|Any CPU
		Release|Any CPU = Release|Any CPU
	EndGlobalSection
	GlobalSection(ProjectConfigurationPlatforms) = postSolution
		{0673762E-CB1B-4984-9E90-529EDCDF8BC0}.Debug|Any CPU.ActiveCfg = Debug|Any CPU
		{0673762E-CB1B-4984-9E90-529EDCDF8BC0}.Debug|Any CPU.Build.0 = Debug|Any CPU
		{0673762E-CB1B-4984-9E90-529EDCDF8BC0}.Release|Any CPU.ActiveCfg = Release|Any CPU
		{0673762E-CB1B-4984-9E90-529EDCDF8BC0}.Release|Any CPU.Build.0 = Release|Any CPU
	EndGlobalSection
	GlobalSection(SolutionProperties) = preSolution
		HideSolutionNode = FALSE
	EndGlobalSection
	GlobalSection(ExtensibilityGlobals) = postSolution
		SolutionGuid = {65A85980-4EF5-4942-A67E-3B0FB8C3DB63}
	EndGlobalSection
EndGlobal
