
Microsoft Visual Studio Solution File, Format Version 12.00
# Visual Studio Version 16
VisualStudioVersion = 16.0.30907.101
MinimumVisualStudioVersion = 10.0.40219.1
Project("{FAE04EC0-301F-11D3-BF4B-00C04F79EFBC}") = "Farm", "3.SingleInheritance\Farm.csproj", "{80961A80-6F59-46EF-8060-7E757D7163F3}"
EndProject
Global
	GlobalSection(SolutionConfigurationPlatforms) = preSolution
		Debug|Any CPU = Debug|Any CPU
		Release|Any CPU = Release|Any CPU
	EndGlobalSection
	GlobalSection(ProjectConfigurationPlatforms) = postSolution
		{80961A80-6F59-46EF-8060-7E757D7163F3}.Debug|Any CPU.ActiveCfg = Debug|Any CPU
		{80961A80-6F59-46EF-8060-7E757D7163F3}.Debug|Any CPU.Build.0 = Debug|Any CPU
		{80961A80-6F59-46EF-8060-7E757D7163F3}.Release|Any CPU.ActiveCfg = Release|Any CPU
		{80961A80-6F59-46EF-8060-7E757D7163F3}.Release|Any CPU.Build.0 = Release|Any CPU
	EndGlobalSection
	GlobalSection(SolutionProperties) = preSolution
		HideSolutionNode = FALSE
	EndGlobalSection
	GlobalSection(ExtensibilityGlobals) = postSolution
		SolutionGuid = {E38C0137-1CD8-421C-915B-3AE411A61AE2}
	EndGlobalSection
EndGlobal
